// !$*UTF8*$!
{
	archiveVersion = 1;
	classes = {
	};
	objectVersion = 46;
	objects = {

/* Begin PBXBuildFile section */
		F170DD621B7D8D080044C2B1 /* PeferenceManager.swift in Sources */ = {isa = PBXBuildFile; fileRef = F170DD611B7D8D080044C2B1 /* PeferenceManager.swift */; };
		F1D2112D1B66452300281FDA /* AppDelegate.swift in Sources */ = {isa = PBXBuildFile; fileRef = F1D2112C1B66452300281FDA /* AppDelegate.swift */; };
		F1D2112F1B66452300281FDA /* Images.xcassets in Resources */ = {isa = PBXBuildFile; fileRef = F1D2112E1B66452300281FDA /* Images.xcassets */; };
		F1D211321B66452300281FDA /* MainMenu.xib in Resources */ = {isa = PBXBuildFile; fileRef = F1D211301B66452300281FDA /* MainMenu.xib */; };
		F1D2113E1B66452400281FDA /* SpeakLineTests.swift in Sources */ = {isa = PBXBuildFile; fileRef = F1D2113D1B66452400281FDA /* SpeakLineTests.swift */; };
		F1D211491B66453B00281FDA /* MainWindowController.swift in Sources */ = {isa = PBXBuildFile; fileRef = F1D211471B66453B00281FDA /* MainWindowController.swift */; };
		F1D2114A1B66453B00281FDA /* MainWindowController.xib in Resources */ = {isa = PBXBuildFile; fileRef = F1D211481B66453B00281FDA /* MainWindowController.xib */; };
/* End PBXBuildFile section */

/* Begin PBXContainerItemProxy section */
		F1D211381B66452300281FDA /* PBXContainerItemProxy */ = {
			isa = PBXContainerItemProxy;
			containerPortal = F1D2111F1B66452300281FDA /* Project object */;
			proxyType = 1;
			remoteGlobalIDString = F1D211261B66452300281FDA;
			remoteInfo = SpeakLine;
		};
/* End PBXContainerItemProxy section */

/* Begin PBXFileReference section */
		F170DD611B7D8D080044C2B1 /* PeferenceManager.swift */ = {isa = PBXFileReference; fileEncoding = 4; lastKnownFileType = sourcecode.swift; path = PeferenceManager.swift; sourceTree = "<group>"; };
		F1D211271B66452300281FDA /* SpeakLine.app */ = {isa = PBXFileReference; explicitFileType = wrapper.application; includeInIndex = 0; path = SpeakLine.app; sourceTree = BUILT_PRODUCTS_DIR; };
		F1D2112B1B66452300281FDA /* Info.plist */ = {isa = PBXFileReference; lastKnownFileType = text.plist.xml; path = Info.plist; sourceTree = "<group>"; };
		F1D2112C1B66452300281FDA /* AppDelegate.swift */ = {isa = PBXFileReference; lastKnownFileType = sourcecode.swift; path = AppDelegate.swift; sourceTree = "<group>"; };
		F1D2112E1B66452300281FDA /* Images.xcassets */ = {isa = PBXFileReference; lastKnownFileType = folder.assetcatalog; path = Images.xcassets; sourceTree = "<group>"; };
		F1D211311B66452300281FDA /* Base */ = {isa = PBXFileReference; lastKnownFileType = file.xib; name = Base; path = Base.lproj/MainMenu.xib; sourceTree = "<group>"; };
		F1D211371B66452300281FDA /* SpeakLineTests.xctest */ = {isa = PBXFileReference; explicitFileType = wrapper.cfbundle; includeInIndex = 0; path = SpeakLineTests.xctest; sourceTree = BUILT_PRODUCTS_DIR; };
		F1D2113C1B66452400281FDA /* Info.plist */ = {isa = PBXFileReference; lastKnownFileType = text.plist.xml; path = Info.plist; sourceTree = "<group>"; };
		F1D2113D1B66452400281FDA /* SpeakLineTests.swift */ = {isa = PBXFileReference; lastKnownFileType = sourcecode.swift; path = SpeakLineTests.swift; sourceTree = "<group>"; };
		F1D211471B66453B00281FDA /* MainWindowController.swift */ = {isa = PBXFileReference; fileEncoding = 4; lastKnownFileType = sourcecode.swift; name = MainWindowController.swift; path = ../MainWindowController.swift; sourceTree = "<group>"; };
		F1D211481B66453B00281FDA /* MainWindowController.xib */ = {isa = PBXFileReference; fileEncoding = 4; lastKnownFileType = file.xib; name = MainWindowController.xib; path = ../MainWindowController.xib; sourceTree = "<group>"; };
/* End PBXFileReference section */

/* Begin PBXFrameworksBuildPhase section */
		F1D211241B66452300281FDA /* Frameworks */ = {
			isa = PBXFrameworksBuildPhase;
			buildActionMask = 2147483647;
			files = (
			);
			runOnlyForDeploymentPostprocessing = 0;
		};
		F1D211341B66452300281FDA /* Frameworks */ = {
			isa = PBXFrameworksBuildPhase;
			buildActionMask = 2147483647;
			files = (
			);
			runOnlyForDeploymentPostprocessing = 0;
		};
/* End PBXFrameworksBuildPhase section */

/* Begin PBXGroup section */
		F1D2111E1B66452300281FDA = {
			isa = PBXGroup;
			children = (
				F1D211291B66452300281FDA /* SpeakLine */,
				F1D2113A1B66452400281FDA /* SpeakLineTests */,
				F1D211281B66452300281FDA /* Products */,
			);
			sourceTree = "<group>";
		};
		F1D211281B66452300281FDA /* Products */ = {
			isa = PBXGroup;
			children = (
				F1D211271B66452300281FDA /* SpeakLine.app */,
				F1D211371B66452300281FDA /* SpeakLineTests.xctest */,
			);
			name = Products;
			sourceTree = "<group>";
		};
		F1D211291B66452300281FDA /* SpeakLine */ = {
			isa = PBXGroup;
			children = (
				F1D211471B66453B00281FDA /* MainWindowController.swift */,
				F170DD611B7D8D080044C2B1 /* PeferenceManager.swift */,
				F1D211481B66453B00281FDA /* MainWindowController.xib */,
				F1D2112C1B66452300281FDA /* AppDelegate.swift */,
				F1D211301B66452300281FDA /* MainMenu.xib */,
				F1D2112A1B66452300281FDA /* Supporting Files */,
			);
			path = SpeakLine;
			sourceTree = "<group>";
		};
		F1D2112A1B66452300281FDA /* Supporting Files */ = {
			isa = PBXGroup;
			children = (
				F1D2112E1B66452300281FDA /* Images.xcassets */,
				F1D2112B1B66452300281FDA /* Info.plist */,
			);
			name = "Supporting Files";
			sourceTree = "<group>";
		};
		F1D2113A1B66452400281FDA /* SpeakLineTests */ = {
			isa = PBXGroup;
			children = (
				F1D2113D1B66452400281FDA /* SpeakLineTests.swift */,
				F1D2113B1B66452400281FDA /* Supporting Files */,
			);
			path = SpeakLineTests;
			sourceTree = "<group>";
		};
		F1D2113B1B66452400281FDA /* Supporting Files */ = {
			isa = PBXGroup;
			children = (
				F1D2113C1B66452400281FDA /* Info.plist */,
			);
			name = "Supporting Files";
			sourceTree = "<group>";
		};
/* End PBXGroup section */

/* Begin PBXNativeTarget section */
		F1D211261B66452300281FDA /* SpeakLine */ = {
			isa = PBXNativeTarget;
			buildConfigurationList = F1D211411B66452400281FDA /* Build configuration list for PBXNativeTarget "SpeakLine" */;
			buildPhases = (
				F1D211231B66452300281FDA /* Sources */,
				F1D211241B66452300281FDA /* Frameworks */,
				F1D211251B66452300281FDA /* Resources */,
			);
			buildRules = (
			);
			dependencies = (
			);
			name = SpeakLine;
			productName = SpeakLine;
			productReference = F1D211271B66452300281FDA /* SpeakLine.app */;
			productType = "com.apple.product-type.application";
		};
		F1D211361B66452300281FDA /* SpeakLineTests */ = {
			isa = PBXNativeTarget;
			buildConfigurationList = F1D211441B66452400281FDA /* Build configuration list for PBXNativeTarget "SpeakLineTests" */;
			buildPhases = (
				F1D211331B66452300281FDA /* Sources */,
				F1D211341B66452300281FDA /* Frameworks */,
				F1D211351B66452300281FDA /* Resources */,
			);
			buildRules = (
			);
			dependencies = (
				F1D211391B66452300281FDA /* PBXTargetDependency */,
			);
			name = SpeakLineTests;
			productName = SpeakLineTests;
			productReference = F1D211371B66452300281FDA /* SpeakLineTests.xctest */;
			productType = "com.apple.product-type.bundle.unit-test";
		};
/* End PBXNativeTarget section */

/* Begin PBXProject section */
		F1D2111F1B66452300281FDA /* Project object */ = {
			isa = PBXProject;
			attributes = {
				LastSwiftMigration = 0710;
				LastSwiftUpdateCheck = 0710;
				LastUpgradeCheck = 0710;
				ORGANIZATIONNAME = fancy;
				TargetAttributes = {
					F1D211261B66452300281FDA = {
						CreatedOnToolsVersion = 6.4;
					};
					F1D211361B66452300281FDA = {
						CreatedOnToolsVersion = 6.4;
						TestTargetID = F1D211261B66452300281FDA;
					};
				};
			};
			buildConfigurationList = F1D211221B66452300281FDA /* Build configuration list for PBXProject "SpeakLine" */;
			compatibilityVersion = "Xcode 3.2";
			developmentRegion = English;
			hasScannedForEncodings = 0;
			knownRegions = (
				en,
				Base,
			);
			mainGroup = F1D2111E1B66452300281FDA;
			productRefGroup = F1D211281B66452300281FDA /* Products */;
			projectDirPath = "";
			projectRoot = "";
			targets = (
				F1D211261B66452300281FDA /* SpeakLine */,
				F1D211361B66452300281FDA /* SpeakLineTests */,
			);
		};
/* End PBXProject section */

/* Begin PBXResourcesBuildPhase section */
		F1D211251B66452300281FDA /* Resources */ = {
			isa = PBXResourcesBuildPhase;
			buildActionMask = 2147483647;
			files = (
				F1D2112F1B66452300281FDA /* Images.xcassets in Resources */,
				F1D2114A1B66453B00281FDA /* MainWindowController.xib in Resources */,
				F1D211321B66452300281FDA /* MainMenu.xib in Resources */,
			);
			runOnlyForDeploymentPostprocessing = 0;
		};
		F1D211351B66452300281FDA /* Resources */ = {
			isa = PBXResourcesBuildPhase;
			buildActionMask = 2147483647;
			files = (
			);
			runOnlyForDeploymentPostprocessing = 0;
		};
/* End PBXResourcesBuildPhase section */

/* Begin PBXSourcesBuildPhase section */
		F1D211231B66452300281FDA /* Sources */ = {
			isa = PBXSourcesBuildPhase;
			buildActionMask = 2147483647;
			files = (
				F1D211491B66453B00281FDA /* MainWindowController.swift in Sources */,
				F1D2112D1B66452300281FDA /* AppDelegate.swift in Sources */,
				F170DD621B7D8D080044C2B1 /* PeferenceManager.swift in Sources */,
			);
			runOnlyForDeploymentPostprocessing = 0;
		};
		F1D211331B66452300281FDA /* Sources */ = {
			isa = PBXSourcesBuildPhase;
			buildActionMask = 2147483647;
			files = (
				F1D2113E1B66452400281FDA /* SpeakLineTests.swift in Sources */,
			);
			runOnlyForDeploymentPostprocessing = 0;
		};
/* End PBXSourcesBuildPhase section */

/* Begin PBXTargetDependency section */
		F1D211391B66452300281FDA /* PBXTargetDependency */ = {
			isa = PBXTargetDependency;
			target = F1D211261B66452300281FDA /* SpeakLine */;
			targetProxy = F1D211381B66452300281FDA /* PBXContainerItemProxy */;
		};
/* End PBXTargetDependency section */

/* Begin PBXVariantGroup section */
		F1D211301B66452300281FDA /* MainMenu.xib */ = {
			isa = PBXVariantGroup;
			children = (
				F1D211311B66452300281FDA /* Base */,
			);
			name = MainMenu.xib;
			sourceTree = "<group>";
		};
/* End PBXVariantGroup section */

/* Begin XCBuildConfiguration section */
		F1D2113F1B66452400281FDA /* Debug */ = {
			isa = XCBuildConfiguration;
			buildSettings = {
				ALWAYS_SEARCH_USER_PATHS = NO;
				CLANG_CXX_LANGUAGE_STANDARD = "gnu++0x";
				CLANG_CXX_LIBRARY = "libc++";
				CLANG_ENABLE_MODULES = YES;
				CLANG_ENABLE_OBJC_ARC = YES;
				CLANG_WARN_BOOL_CONVERSION = YES;
				CLANG_WARN_CONSTANT_CONVERSION = YES;
				CLANG_WARN_DIRECT_OBJC_ISA_USAGE = YES_ERROR;
				CLANG_WARN_EMPTY_BODY = YES;
				CLANG_WARN_ENUM_CONVERSION = YES;
				CLANG_WARN_INT_CONVERSION = YES;
				CLANG_WARN_OBJC_ROOT_CLASS = YES_ERROR;
				CLANG_WARN_UNREACHABLE_CODE = YES;
				CLANG_WARN__DUPLICATE_METHOD_MATCH = YES;
				CODE_SIGN_IDENTITY = "-";
				COPY_PHASE_STRIP = NO;
				DEBUG_INFORMATION_FORMAT = dwarf;
				ENABLE_STRICT_OBJC_MSGSEND = YES;
				ENABLE_TESTABILITY = YES;
				GCC_C_LANGUAGE_STANDARD = gnu99;
				GCC_DYNAMIC_NO_PIC = NO;
				GCC_NO_COMMON_BLOCKS = YES;
				GCC_OPTIMIZATION_LEVEL = 0;
				GCC_PREPROCESSOR_DEFINITIONS = (
					"DEBUG=1",
					"$(inherited)",
				);
				GCC_SYMBOLS_PRIVATE_EXTERN = NO;
				GCC_WARN_64_TO_32_BIT_CONVERSION = YES;
				GCC_WARN_ABOUT_RETURN_TYPE = YES_ERROR;
				GCC_WARN_UNDECLARED_SELECTOR = YES;
				GCC_WARN_UNINITIALIZED_AUTOS = YES_AGGRESSIVE;
				GCC_WARN_UNUSED_FUNCTION = YES;
				GCC_WARN_UNUSED_VARIABLE = YES;
				MACOSX_DEPLOYMENT_TARGET = 10.10;
				MTL_ENABLE_DEBUG_INFO = YES;
				ONLY_ACTIVE_ARCH = YES;
				SDKROOT = macosx;
				SWIFT_OPTIMIZATION_LEVEL = "-Onone";
			};
			name = Debug;
		};
		F1D211401B66452400281FDA /* Release */ = {
			isa = XCBuildConfiguration;
			buildSettings = {
				ALWAYS_SEARCH_USER_PATHS = NO;
				CLANG_CXX_LANGUAGE_STANDARD = "gnu++0x";
				CLANG_CXX_LIBRARY = "libc++";
				CLANG_ENABLE_MODULES = YES;
				CLANG_ENABLE_OBJC_ARC = YES;
				CLANG_WARN_BOOL_CONVERSION = YES;
				CLANG_WARN_CONSTANT_CONVERSION = YES;
				CLANG_WARN_DIRECT_OBJC_ISA_USAGE = YES_ERROR;
				CLANG_WARN_EMPTY_BODY = YES;
				CLANG_WARN_ENUM_CONVERSION = YES;
				CLANG_WARN_INT_CONVERSION = YES;
				CLANG_WARN_OBJC_ROOT_CLASS = YES_ERROR;
				CLANG_WARN_UNREACHABLE_CODE = YES;
				CLANG_WARN__DUPLICATE_METHOD_MATCH = YES;
				CODE_SIGN_IDENTITY = "-";
				COPY_PHASE_STRIP = NO;
				DEBUG_INFORMATION_FORMAT = "dwarf-with-dsym";
				ENABLE_NS_ASSERTIONS = NO;
				ENABLE_STRICT_OBJC_MSGSEND = YES;
				GCC_C_LANGUAGE_STANDARD = gnu99;
				GCC_NO_COMMON_BLOCKS = YES;
				GCC_WARN_64_TO_32_BIT_CONVERSION = YES;
				GCC_WARN_ABOUT_RETURN_TYPE = YES_ERROR;
				GCC_WARN_UNDECLARED_SELECTOR = YES;
				GCC_WARN_UNINITIALIZED_AUTOS = YES_AGGRESSIVE;
				GCC_WARN_UNUSED_FUNCTION = YES;
				GCC_WARN_UNUSED_VARIABLE = YES;
				MACOSX_DEPLOYMENT_TARGET = 10.10;
				MTL_ENABLE_DEBUG_INFO = NO;
				SDKROOT = macosx;
			};
			name = Release;
		};
		F1D211421B66452400281FDA /* Debug */ = {
			isa = XCBuildConfiguration;
			buildSettings = {
				ASSETCATALOG_COMPILER_APPICON_NAME = AppIcon;
				COMBINE_HIDPI_IMAGES = YES;
				INFOPLIST_FILE = SpeakLine/Info.plist;
				LD_RUNPATH_SEARCH_PATHS = "$(inherited) @executable_path/../Frameworks";
				PRODUCT_BUNDLE_IDENTIFIER = "fancymax.$(PRODUCT_NAME:rfc1034identifier)";
				PRODUCT_NAME = "$(TARGET_NAME)";
			};
			name = Debug;
		};
		F1D211431B66452400281FDA /* Release */ = {
			isa = XCBuildConfiguration;
			buildSettings = {
				ASSETCATALOG_COMPILER_APPICON_NAME = AppIcon;
				COMBINE_HIDPI_IMAGES = YES;
				INFOPLIST_FILE = SpeakLine/Info.plist;
				LD_RUNPATH_SEARCH_PATHS = "$(inherited) @executable_path/../Frameworks";
				PRODUCT_BUNDLE_IDENTIFIER = "fancymax.$(PRODUCT_NAME:rfc1034identifier)";
				PRODUCT_NAME = "$(TARGET_NAME)";
			};
			name = Release;
		};
		F1D211451B66452400281FDA /* Debug */ = {
			isa = XCBuildConfiguration;
			buildSettings = {
				BUNDLE_LOADER = "$(TEST_HOST)";
				COMBINE_HIDPI_IMAGES = YES;
				FRAMEWORK_SEARCH_PATHS = (
					"$(DEVELOPER_FRAMEWORKS_DIR)",
					"$(inherited)",
				);
				GCC_PREPROCESSOR_DEFINITIONS = (
					"DEBUG=1",
					"$(inherited)",
				);
				INFOPLIST_FILE = SpeakLineTests/Info.plist;
				LD_RUNPATH_SEARCH_PATHS = "$(inherited) @executable_path/../Frameworks @loader_path/../Frameworks";
				PRODUCT_BUNDLE_IDENTIFIER = "fancymax.$(PRODUCT_NAME:rfc1034identifier)";
				PRODUCT_NAME = "$(TARGET_NAME)";
				TEST_HOST = "$(BUILT_PRODUCTS_DIR)/SpeakLine.app/Contents/MacOS/SpeakLine";
			};
			name = Debug;
		};
		F1D211461B66452400281FDA /* Release */ = {
			isa = XCBuildConfiguration;
			buildSettings = {
				BUNDLE_LOADER = "$(TEST_HOST)";
				COMBINE_HIDPI_IMAGES = YES;
				FRAMEWORK_SEARCH_PATHS = (
					"$(DEVELOPER_FRAMEWORKS_DIR)",
					"$(inherited)",
				);
				INFOPLIST_FILE = SpeakLineTests/Info.plist;
				LD_RUNPATH_SEARCH_PATHS = "$(inherited) @executable_path/../Frameworks @loader_path/../Frameworks";
				PRODUCT_BUNDLE_IDENTIFIER = "fancymax.$(PRODUCT_NAME:rfc1034identifier)";
				PRODUCT_NAME = "$(TARGET_NAME)";
				TEST_HOST = "$(BUILT_PRODUCTS_DIR)/SpeakLine.app/Contents/MacOS/SpeakLine";
			};
			name = Release;
		};
/* End XCBuildConfiguration section */

/* Begin XCConfigurationList section */
		F1D211221B66452300281FDA /* Build configuration list for PBXProject "SpeakLine" */ = {
			isa = XCConfigurationList;
			buildConfigurations = (
				F1D2113F1B66452400281FDA /* Debug */,
				F1D211401B66452400281FDA /* Release */,
			);
			defaultConfigurationIsVisible = 0;
			defaultConfigurationName = Release;
		};
		F1D211411B66452400281FDA /* Build configuration list for PBXNativeTarget "SpeakLine" */ = {
			isa = XCConfigurationList;
			buildConfigurations = (
				F1D211421B66452400281FDA /* Debug */,
				F1D211431B66452400281FDA /* Release */,
			);
			defaultConfigurationIsVisible = 0;
			defaultConfigurationName = Release;
		};
		F1D211441B66452400281FDA /* Build configuration list for PBXNativeTarget "SpeakLineTests" */ = {
			isa = XCConfigurationList;
			buildConfigurations = (
				F1D211451B66452400281FDA /* Debug */,
				F1D211461B66452400281FDA /* Release */,
			);
			defaultConfigurationIsVisible = 0;
			defaultConfigurationName = Release;
		};
/* End XCConfigurationList section */
	};
	rootObject = F1D2111F1B66452300281FDA /* Project object */;
}
